# THIS IS AN AUTOGENERATED FILE. DO NOT EDIT THIS FILE DIRECTLY.
# yarn lockfile v1


"@types/ramda@0.25.16":
  version "0.25.16"
  resolved "https://registry.yarnpkg.com/@types/ramda/-/ramda-0.25.16.tgz#1d4eeb78d3247d1ceef971b458dd8469646cd1b4"

immupdate@1.1.6:
  version "1.1.6"
  resolved "https://registry.yarnpkg.com/immupdate/-/immupdate-1.1.6.tgz#34c622c21f86591f62c4b782ddc022be4406a521"

ix@2.3.4:
  version "2.3.4"
  resolved "https://registry.yarnpkg.com/ix/-/ix-2.3.4.tgz#36cf30dd93ef5a3b3c64434ad7cacc05a7852386"
  dependencies:
    tslib "^1.8.0"

ramda@0.25.0:
  version "0.25.0"
  resolved "https://registry.yarnpkg.com/ramda/-/ramda-0.25.0.tgz#8fdf68231cffa90bc2f9460390a0cb74a29b29a9"

space-lift@0.6.4:
  version "0.6.4"
  resolved "https://registry.yarnpkg.com/space-lift/-/space-lift-0.6.4.tgz#a1bd9fdcafb70416f4f55fac7a6adb7d37e2d782"
  dependencies:
    immupdate "1.1.6"

tslib@1.9.0, tslib@^1.8.0:
  version "1.9.0"
  resolved "https://registry.yarnpkg.com/tslib/-/tslib-1.9.0.tgz#e37a86fda8cbbaf23a057f473c9f4dc64e5fc2e8"

typescript@2.6.2:
  version "2.6.2"
  resolved "https://registry.yarnpkg.com/typescript/-/typescript-2.6.2.tgz#3c5b6fd7f6de0914269027f03c0946758f7673a4"
